
Microsoft Visual Studio Solution File, Format Version 12.00
# Visual Studio Version 17
VisualStudioVersion = 17.3.32819.101
MinimumVisualStudioVersion = 10.0.40219.1
Project("{9A19103F-16F7-4668-BE54-9A1E7A4F7556}") = "Common", "Common\Common.csproj", "{F21A4A77-419E-4633-8245-AA433EF26240}"
EndProject
Project("{9A19103F-16F7-4668-BE54-9A1E7A4F7556}") = "Producer", "Producer\Producer.csproj", "{12177EC0-151B-455F-85AF-AE9E9A62D497}"
EndProject
Project("{9A19103F-16F7-4668-BE54-9A1E7A4F7556}") = "Consumer", "Consumer\Consumer.csproj", "{0BC1AB27-3340-43AA-9AE8-B28C0A64FF07}"
EndProject
Project("{2150E333-8FDC-42A3-9474-1A3956D46DE8}") = "Start", "Start", "{76E89271-3840-462B-9D32-E11A02D2507C}"
	ProjectSection(SolutionItems) = preProject
		readme.md = readme.md
	EndProjectSection
EndProject
Global
	GlobalSection(SolutionConfigurationPlatforms) = preSolution
		Debug|Any CPU = Debug|Any CPU
		Release|Any CPU = Release|Any CPU
	EndGlobalSection
	GlobalSection(ProjectConfigurationPlatforms) = postSolution
		{F21A4A77-419E-4633-8245-AA433EF26240}.Debug|Any CPU.ActiveCfg = Debug|Any CPU
		{F21A4A77-419E-4633-8245-AA433EF26240}.Debug|Any CPU.Build.0 = Debug|Any CPU
		{F21A4A77-419E-4633-8245-AA433EF26240}.Release|Any CPU.ActiveCfg = Release|Any CPU
		{F21A4A77-419E-4633-8245-AA433EF26240}.Release|Any CPU.Build.0 = Release|Any CPU
		{12177EC0-151B-455F-85AF-AE9E9A62D497}.Debug|Any CPU.ActiveCfg = Debug|Any CPU
		{12177EC0-151B-455F-85AF-AE9E9A62D497}.Debug|Any CPU.Build.0 = Debug|Any CPU
		{12177EC0-151B-455F-85AF-AE9E9A62D497}.Release|Any CPU.ActiveCfg = Release|Any CPU
		{12177EC0-151B-455F-85AF-AE9E9A62D497}.Release|Any CPU.Build.0 = Release|Any CPU
		{0BC1AB27-3340-43AA-9AE8-B28C0A64FF07}.Debug|Any CPU.ActiveCfg = Debug|Any CPU
		{0BC1AB27-3340-43AA-9AE8-B28C0A64FF07}.Debug|Any CPU.Build.0 = Debug|Any CPU
		{0BC1AB27-3340-43AA-9AE8-B28C0A64FF07}.Release|Any CPU.ActiveCfg = Release|Any CPU
		{0BC1AB27-3340-43AA-9AE8-B28C0A64FF07}.Release|Any CPU.Build.0 = Release|Any CPU
	EndGlobalSection
	GlobalSection(SolutionProperties) = preSolution
		HideSolutionNode = FALSE
	EndGlobalSection
	GlobalSection(ExtensibilityGlobals) = postSolution
		SolutionGuid = {11676FBB-D18A-410F-9136-F8CFE0B4F725}
	EndGlobalSection
EndGlobal
